
Microsoft Visual Studio Solution File, Format Version 12.00
# Visual Studio 15
VisualStudioVersion = 15.0.28010.2048
MinimumVisualStudioVersion = 10.0.40219.1
Project("{FAE04EC0-301F-11D3-BF4B-00C04F79EFBC}") = "Tugas Praktikum Minggu 4", "Tugas Praktikum Minggu 4\Tugas Praktikum Minggu 4.csproj", "{8166BFEB-C4AD-43BB-9B5A-673A47CA65D3}"
EndProject
Global
	GlobalSection(SolutionConfigurationPlatforms) = preSolution
		Debug|Any CPU = Debug|Any CPU
		Release|Any CPU = Release|Any CPU
	EndGlobalSection
	GlobalSection(ProjectConfigurationPlatforms) = postSolution
		{8166BFEB-C4AD-43BB-9B5A-673A47CA65D3}.Debug|Any CPU.ActiveCfg = Debug|Any CPU
		{8166BFEB-C4AD-43BB-9B5A-673A47CA65D3}.Debug|Any CPU.Build.0 = Debug|Any CPU
		{8166BFEB-C4AD-43BB-9B5A-673A47CA65D3}.Release|Any CPU.ActiveCfg = Release|Any CPU
		{8166BFEB-C4AD-43BB-9B5A-673A47CA65D3}.Release|Any CPU.Build.0 = Release|Any CPU
	EndGlobalSection
	GlobalSection(SolutionProperties) = preSolution
		HideSolutionNode = FALSE
	EndGlobalSection
	GlobalSection(ExtensibilityGlobals) = postSolution
		SolutionGuid = {DD95565E-9220-4B93-88D4-A426B57C3C98}
	EndGlobalSection
EndGlobal
